// !$*UTF8*$!
{
	archiveVersion = 1;
	classes = {
	};
	objectVersion = 77;
	objects = {

/* Begin PBXBuildFile section */
		187EB4652EF5F34900CB879C /* Supabase in Frameworks */ = {isa = PBXBuildFile; productRef = 187EB4642EF5F34900CB879C /* Supabase */; };
/* End PBXBuildFile section */

/* Begin PBXContainerItemProxy section */
		187EB4432EF5794E00CB879C /* PBXContainerItemProxy */ = {
			isa = PBXContainerItemProxy;
			containerPortal = 187EB42D2EF5794800CB879C /* Project object */;
			proxyType = 1;
			remoteGlobalIDString = 187EB4342EF5794800CB879C;
			remoteInfo = "m-ios";
		};
		187EB44D2EF5794E00CB879C /* PBXContainerItemProxy */ = {
			isa = PBXContainerItemProxy;
			containerPortal = 187EB42D2EF5794800CB879C /* Project object */;
			proxyType = 1;
			remoteGlobalIDString = 187EB4342EF5794800CB879C;
			remoteInfo = "m-ios";
		};
/* End PBXContainerItemProxy section */

/* Begin PBXFileReference section */
		187EB4352EF5794800CB879C /* m-ios.app */ = {isa = PBXFileReference; explicitFileType = wrapper.application; includeInIndex = 0; path = "m-ios.app"; sourceTree = BUILT_PRODUCTS_DIR; };
		187EB4422EF5794E00CB879C /* m-iosTests.xctest */ = {isa = PBXFileReference; explicitFileType = wrapper.cfbundle; includeInIndex = 0; path = "m-iosTests.xctest"; sourceTree = BUILT_PRODUCTS_DIR; };
		187EB44C2EF5794E00CB879C /* m-iosUITests.xctest */ = {isa = PBXFileReference; explicitFileType = wrapper.cfbundle; includeInIndex = 0; path = "m-iosUITests.xctest"; sourceTree = BUILT_PRODUCTS_DIR; };
/* End PBXFileReference section */

/* Begin PBXFileSystemSynchronizedRootGroup section */
		187EB4372EF5794800CB879C /* m-ios */ = {
			isa = PBXFileSystemSynchronizedRootGroup;
			path = "m-ios";
			sourceTree = "<group>";
		};
		187EB4452EF5794E00CB879C /* m-iosTests */ = {
			isa = PBXFileSystemSynchronizedRootGroup;
			path = "m-iosTests";
			sourceTree = "<group>";
		};
		187EB44F2EF5794E00CB879C /* m-iosUITests */ = {
			isa = PBXFileSystemSynchronizedRootGroup;
			path = "m-iosUITests";
			sourceTree = "<group>";
		};
/* End PBXFileSystemSynchronizedRootGroup section */

/* Begin PBXFrameworksBuildPhase section */
		187EB4322EF5794800CB879C /* Frameworks */ = {
			isa = PBXFrameworksBuildPhase;
			buildActionMask = 2147483647;
			files = (
				187EB4652EF5F34900CB879C /* Supabase in Frameworks */,
			);
			runOnlyForDeploymentPostprocessing = 0;
		};
		187EB43F2EF5794E00CB879C /* Frameworks */ = {
			isa = PBXFrameworksBuildPhase;
			buildActionMask = 2147483647;
			files = (
			);
			runOnlyForDeploymentPostprocessing = 0;
		};
		187EB4492EF5794E00CB879C /* Frameworks */ = {
			isa = PBXFrameworksBuildPhase;
			buildActionMask = 2147483647;
			files = (
			);
			runOnlyForDeploymentPostprocessing = 0;
		};
/* End PBXFrameworksBuildPhase section */

/* Begin PBXGroup section */
		187EB42C2EF5794800CB879C = {
			isa = PBXGroup;
			children = (
				187EB4372EF5794800CB879C /* m-ios */,
				187EB4452EF5794E00CB879C /* m-iosTests */,
				187EB44F2EF5794E00CB879C /* m-iosUITests */,
				187EB4632EF5F34900CB879C /* Frameworks */,
				187EB4362EF5794800CB879C /* Products */,
			);
			sourceTree = "<group>";
		};
		187EB4362EF5794800CB879C /* Products */ = {
			isa = PBXGroup;
			children = (
				187EB4352EF5794800CB879C /* m-ios.app */,
				187EB4422EF5794E00CB879C /* m-iosTests.xctest */,
				187EB44C2EF5794E00CB879C /* m-iosUITests.xctest */,
			);
			name = Products;
			sourceTree = "<group>";
		};
		187EB4632EF5F34900CB879C /* Frameworks */ = {
			isa = PBXGroup;
			children = (
			);
			name = Frameworks;
			sourceTree = "<group>";
		};
/* End PBXGroup section */

/* Begin PBXNativeTarget section */
		187EB4342EF5794800CB879C /* m-ios */ = {
			isa = PBXNativeTarget;
			buildConfigurationList = 187EB4562EF5794E00CB879C /* Build configuration list for PBXNativeTarget "m-ios" */;
			buildPhases = (
				187EB4312EF5794800CB879C /* Sources */,
				187EB4322EF5794800CB879C /* Frameworks */,
				187EB4332EF5794800CB879C /* Resources */,
			);
			buildRules = (
			);
			dependencies = (
			);
			fileSystemSynchronizedGroups = (
				187EB4372EF5794800CB879C /* m-ios */,
			);
			name = "m-ios";
			packageProductDependencies = (
				187EB4642EF5F34900CB879C /* Supabase */,
			);
			productName = "m-ios";
			productReference = 187EB4352EF5794800CB879C /* m-ios.app */;
			productType = "com.apple.product-type.application";
		};
		187EB4412EF5794E00CB879C /* m-iosTests */ = {
			isa = PBXNativeTarget;
			buildConfigurationList = 187EB4592EF5794E00CB879C /* Build configuration list for PBXNativeTarget "m-iosTests" */;
			buildPhases = (
				187EB43E2EF5794E00CB879C /* Sources */,
				187EB43F2EF5794E00CB879C /* Frameworks */,
				187EB4402EF5794E00CB879C /* Resources */,
			);
			buildRules = (
			);
			dependencies = (
				187EB4442EF5794E00CB879C /* PBXTargetDependency */,
			);
			fileSystemSynchronizedGroups = (
				187EB4452EF5794E00CB879C /* m-iosTests */,
			);
			name = "m-iosTests";
			packageProductDependencies = (
			);
			productName = "m-iosTests";
			productReference = 187EB4422EF5794E00CB879C /* m-iosTests.xctest */;
			productType = "com.apple.product-type.bundle.unit-test";
		};
		187EB44B2EF5794E00CB879C /* m-iosUITests */ = {
			isa = PBXNativeTarget;
			buildConfigurationList = 187EB45C2EF5794E00CB879C /* Build configuration list for PBXNativeTarget "m-iosUITests" */;
			buildPhases = (
				187EB4482EF5794E00CB879C /* Sources */,
				187EB4492EF5794E00CB879C /* Frameworks */,
				187EB44A2EF5794E00CB879C /* Resources */,
			);
			buildRules = (
			);
			dependencies = (
				187EB44E2EF5794E00CB879C /* PBXTargetDependency */,
			);
			fileSystemSynchronizedGroups = (
				187EB44F2EF5794E00CB879C /* m-iosUITests */,
			);
			name = "m-iosUITests";
			packageProductDependencies = (
			);
			productName = "m-iosUITests";
			productReference = 187EB44C2EF5794E00CB879C /* m-iosUITests.xctest */;
			productType = "com.apple.product-type.bundle.ui-testing";
		};
/* End PBXNativeTarget section */

/* Begin PBXProject section */
		187EB42D2EF5794800CB879C /* Project object */ = {
			isa = PBXProject;
			attributes = {
				BuildIndependentTargetsInParallel = 1;
				LastSwiftUpdateCheck = 1640;
				LastUpgradeCheck = 1640;
				TargetAttributes = {
					187EB4342EF5794800CB879C = {
						CreatedOnToolsVersion = 16.4;
					};
					187EB4412EF5794E00CB879C = {
						CreatedOnToolsVersion = 16.4;
						TestTargetID = 187EB4342EF5794800CB879C;
					};
					187EB44B2EF5794E00CB879C = {
						CreatedOnToolsVersion = 16.4;
						TestTargetID = 187EB4342EF5794800CB879C;
					};
				};
			};
			buildConfigurationList = 187EB4302EF5794800CB879C /* Build configuration list for PBXProject "m-ios" */;
			developmentRegion = en;
			hasScannedForEncodings = 0;
			knownRegions = (
				en,
				Base,
			);
			mainGroup = 187EB42C2EF5794800CB879C;
			minimizedProjectReferenceProxies = 1;
			packageReferences = (
				187EB45F2EF5AEA900CB879C /* XCRemoteSwiftPackageReference "supabase-swift" */,
			);
			preferredProjectObjectVersion = 77;
			productRefGroup = 187EB4362EF5794800CB879C /* Products */;
			projectDirPath = "";
			projectRoot = "";
			targets = (
				187EB4342EF5794800CB879C /* m-ios */,
				187EB4412EF5794E00CB879C /* m-iosTests */,
				187EB44B2EF5794E00CB879C /* m-iosUITests */,
			);
		};
/* End PBXProject section */

/* Begin PBXResourcesBuildPhase section */
		187EB4332EF5794800CB879C /* Resources */ = {
			isa = PBXResourcesBuildPhase;
			buildActionMask = 2147483647;
			files = (
			);
			runOnlyForDeploymentPostprocessing = 0;
		};
		187EB4402EF5794E00CB879C /* Resources */ = {
			isa = PBXResourcesBuildPhase;
			buildActionMask = 2147483647;
			files = (
			);
			runOnlyForDeploymentPostprocessing = 0;
		};
		187EB44A2EF5794E00CB879C /* Resources */ = {
			isa = PBXResourcesBuildPhase;
			buildActionMask = 2147483647;
			files = (
			);
			runOnlyForDeploymentPostprocessing = 0;
		};
/* End PBXResourcesBuildPhase section */

/* Begin PBXSourcesBuildPhase section */
		187EB4312EF5794800CB879C /* Sources */ = {
			isa = PBXSourcesBuildPhase;
			buildActionMask = 2147483647;
			files = (
			);
			runOnlyForDeploymentPostprocessing = 0;
		};
		187EB43E2EF5794E00CB879C /* Sources */ = {
			isa = PBXSourcesBuildPhase;
			buildActionMask = 2147483647;
			files = (
			);
			runOnlyForDeploymentPostprocessing = 0;
		};
		187EB4482EF5794E00CB879C /* Sources */ = {
			isa = PBXSourcesBuildPhase;
			buildActionMask = 2147483647;
			files = (
			);
			runOnlyForDeploymentPostprocessing = 0;
		};
/* End PBXSourcesBuildPhase section */

/* Begin PBXTargetDependency section */
		187EB4442EF5794E00CB879C /* PBXTargetDependency */ = {
			isa = PBXTargetDependency;
			target = 187EB4342EF5794800CB879C /* m-ios */;
			targetProxy = 187EB4432EF5794E00CB879C /* PBXContainerItemProxy */;
		};
		187EB44E2EF5794E00CB879C /* PBXTargetDependency */ = {
			isa = PBXTargetDependency;
			target = 187EB4342EF5794800CB879C /* m-ios */;
			targetProxy = 187EB44D2EF5794E00CB879C /* PBXContainerItemProxy */;
		};
/* End PBXTargetDependency section */

/* Begin XCBuildConfiguration section */
		187EB4542EF5794E00CB879C /* Debug */ = {
			isa = XCBuildConfiguration;
			buildSettings = {
				ALWAYS_SEARCH_USER_PATHS = NO;
				ASSETCATALOG_COMPILER_GENERATE_SWIFT_ASSET_SYMBOL_EXTENSIONS = YES;
				CLANG_ANALYZER_NONNULL = YES;
				CLANG_ANALYZER_NUMBER_OBJECT_CONVERSION = YES_AGGRESSIVE;
				CLANG_CXX_LANGUAGE_STANDARD = "gnu++20";
				CLANG_ENABLE_MODULES = YES;
				CLANG_ENABLE_OBJC_ARC = YES;
				CLANG_ENABLE_OBJC_WEAK = YES;
				CLANG_WARN_BLOCK_CAPTURE_AUTORELEASING = YES;
				CLANG_WARN_BOOL_CONVERSION = YES;
				CLANG_WARN_COMMA = YES;
				CLANG_WARN_CONSTANT_CONVERSION = YES;
				CLANG_WARN_DEPRECATED_OBJC_IMPLEMENTATIONS = YES;
				CLANG_WARN_DIRECT_OBJC_ISA_USAGE = YES_ERROR;
				CLANG_WARN_DOCUMENTATION_COMMENTS = YES;
				CLANG_WARN_EMPTY_BODY = YES;
				CLANG_WARN_ENUM_CONVERSION = YES;
				CLANG_WARN_INFINITE_RECURSION = YES;
				CLANG_WARN_INT_CONVERSION = YES;
				CLANG_WARN_NON_LITERAL_NULL_CONVERSION = YES;
				CLANG_WARN_OBJC_IMPLICIT_RETAIN_SELF = YES;
				CLANG_WARN_OBJC_LITERAL_CONVERSION = YES;
				CLANG_WARN_OBJC_ROOT_CLASS = YES_ERROR;
				CLANG_WARN_QUOTED_INCLUDE_IN_FRAMEWORK_HEADER = YES;
				CLANG_WARN_RANGE_LOOP_ANALYSIS = YES;
				CLANG_WARN_STRICT_PROTOTYPES = YES;
				CLANG_WARN_SUSPICIOUS_MOVE = YES;
				CLANG_WARN_UNGUARDED_AVAILABILITY = YES_AGGRESSIVE;
				CLANG_WARN_UNREACHABLE_CODE = YES;
				CLANG_WARN__DUPLICATE_METHOD_MATCH = YES;
				COPY_PHASE_STRIP = NO;
				DEBUG_INFORMATION_FORMAT = dwarf;
				ENABLE_STRICT_OBJC_MSGSEND = YES;
				ENABLE_TESTABILITY = YES;
				ENABLE_USER_SCRIPT_SANDBOXING = YES;
				GCC_C_LANGUAGE_STANDARD = gnu17;
				GCC_DYNAMIC_NO_PIC = NO;
				GCC_NO_COMMON_BLOCKS = YES;
				GCC_OPTIMIZATION_LEVEL = 0;
				GCC_PREPROCESSOR_DEFINITIONS = (
					"DEBUG=1",
					"$(inherited)",
				);
				GCC_WARN_64_TO_32_BIT_CONVERSION = YES;
				GCC_WARN_ABOUT_RETURN_TYPE = YES_ERROR;
				GCC_WARN_UNDECLARED_SELECTOR = YES;
				GCC_WARN_UNINITIALIZED_AUTOS = YES_AGGRESSIVE;
				GCC_WARN_UNUSED_FUNCTION = YES;
				GCC_WARN_UNUSED_VARIABLE = YES;
				IPHONEOS_DEPLOYMENT_TARGET = 18.5;
				LOCALIZATION_PREFERS_STRING_CATALOGS = YES;
				MTL_ENABLE_DEBUG_INFO = INCLUDE_SOURCE;
				MTL_FAST_MATH = YES;
				ONLY_ACTIVE_ARCH = YES;
				SDKROOT = iphoneos;
				SWIFT_ACTIVE_COMPILATION_CONDITIONS = "DEBUG $(inherited)";
				SWIFT_OPTIMIZATION_LEVEL = "-Onone";
			};
			name = Debug;
		};
		187EB4552EF5794E00CB879C /* Release */ = {
			isa = XCBuildConfiguration;
			buildSettings = {
				ALWAYS_SEARCH_USER_PATHS = NO;
				ASSETCATALOG_COMPILER_GENERATE_SWIFT_ASSET_SYMBOL_EXTENSIONS = YES;
				CLANG_ANALYZER_NONNULL = YES;
				CLANG_ANALYZER_NUMBER_OBJECT_CONVERSION = YES_AGGRESSIVE;
				CLANG_CXX_LANGUAGE_STANDARD = "gnu++20";
				CLANG_ENABLE_MODULES = YES;
				CLANG_ENABLE_OBJC_ARC = YES;
				CLANG_ENABLE_OBJC_WEAK = YES;
				CLANG_WARN_BLOCK_CAPTURE_AUTORELEASING = YES;
				CLANG_WARN_BOOL_CONVERSION = YES;
				CLANG_WARN_COMMA = YES;
				CLANG_WARN_CONSTANT_CONVERSION = YES;
				CLANG_WARN_DEPRECATED_OBJC_IMPLEMENTATIONS = YES;
				CLANG_WARN_DIRECT_OBJC_ISA_USAGE = YES_ERROR;
				CLANG_WARN_DOCUMENTATION_COMMENTS = YES;
				CLANG_WARN_EMPTY_BODY = YES;
				CLANG_WARN_ENUM_CONVERSION = YES;
				CLANG_WARN_INFINITE_RECURSION = YES;
				CLANG_WARN_INT_CONVERSION = YES;
				CLANG_WARN_NON_LITERAL_NULL_CONVERSION = YES;
				CLANG_WARN_OBJC_IMPLICIT_RETAIN_SELF = YES;
				CLANG_WARN_OBJC_LITERAL_CONVERSION = YES;
				CLANG_WARN_OBJC_ROOT_CLASS = YES_ERROR;
				CLANG_WARN_QUOTED_INCLUDE_IN_FRAMEWORK_HEADER = YES;
				CLANG_WARN_RANGE_LOOP_ANALYSIS = YES;
				CLANG_WARN_STRICT_PROTOTYPES = YES;
				CLANG_WARN_SUSPICIOUS_MOVE = YES;
				CLANG_WARN_UNGUARDED_AVAILABILITY = YES_AGGRESSIVE;
				CLANG_WARN_UNREACHABLE_CODE = YES;
				CLANG_WARN__DUPLICATE_METHOD_MATCH = YES;
				COPY_PHASE_STRIP = NO;
				DEBUG_INFORMATION_FORMAT = "dwarf-with-dsym";
				ENABLE_NS_ASSERTIONS = NO;
				ENABLE_STRICT_OBJC_MSGSEND = YES;
				ENABLE_USER_SCRIPT_SANDBOXING = YES;
				GCC_C_LANGUAGE_STANDARD = gnu17;
				GCC_NO_COMMON_BLOCKS = YES;
				GCC_WARN_64_TO_32_BIT_CONVERSION = YES;
				GCC_WARN_ABOUT_RETURN_TYPE = YES_ERROR;
				GCC_WARN_UNDECLARED_SELECTOR = YES;
				GCC_WARN_UNINITIALIZED_AUTOS = YES_AGGRESSIVE;
				GCC_WARN_UNUSED_FUNCTION = YES;
				GCC_WARN_UNUSED_VARIABLE = YES;
				IPHONEOS_DEPLOYMENT_TARGET = 18.5;
				LOCALIZATION_PREFERS_STRING_CATALOGS = YES;
				MTL_ENABLE_DEBUG_INFO = NO;
				MTL_FAST_MATH = YES;
				SDKROOT = iphoneos;
				SWIFT_COMPILATION_MODE = wholemodule;
				VALIDATE_PRODUCT = YES;
			};
			name = Release;
		};
		187EB4572EF5794E00CB879C /* Debug */ = {
			isa = XCBuildConfiguration;
			buildSettings = {
				ASSETCATALOG_COMPILER_APPICON_NAME = AppIcon;
				ASSETCATALOG_COMPILER_GLOBAL_ACCENT_COLOR_NAME = AccentColor;
				CODE_SIGN_STYLE = Automatic;
				CURRENT_PROJECT_VERSION = 1;
				ENABLE_PREVIEWS = YES;
				GENERATE_INFOPLIST_FILE = YES;
				INFOPLIST_KEY_UIApplicationSceneManifest_Generation = YES;
				INFOPLIST_KEY_UIApplicationSupportsIndirectInputEvents = YES;
				INFOPLIST_KEY_UILaunchScreen_Generation = YES;
				INFOPLIST_KEY_UISupportedInterfaceOrientations_iPad = "UIInterfaceOrientationPortrait UIInterfaceOrientationPortraitUpsideDown UIInterfaceOrientationLandscapeLeft UIInterfaceOrientationLandscapeRight";
				INFOPLIST_KEY_UISupportedInterfaceOrientations_iPhone = "UIInterfaceOrientationPortrait UIInterfaceOrientationLandscapeLeft UIInterfaceOrientationLandscapeRight";
				LD_RUNPATH_SEARCH_PATHS = (
					"$(inherited)",
					"@executable_path/Frameworks",
				);
				MARKETING_VERSION = 1.0;
				PRODUCT_BUNDLE_IDENTIFIER = "sneakout.m-ios";
				PRODUCT_NAME = "$(TARGET_NAME)";
				SWIFT_EMIT_LOC_STRINGS = YES;
				SWIFT_VERSION = 5.0;
				TARGETED_DEVICE_FAMILY = "1,2";
			};
			name = Debug;
		};
		187EB4582EF5794E00CB879C /* Release */ = {
			isa = XCBuildConfiguration;
			buildSettings = {
				ASSETCATALOG_COMPILER_APPICON_NAME = AppIcon;
				ASSETCATALOG_COMPILER_GLOBAL_ACCENT_COLOR_NAME = AccentColor;
				CODE_SIGN_STYLE = Automatic;
				CURRENT_PROJECT_VERSION = 1;
				ENABLE_PREVIEWS = YES;
				GENERATE_INFOPLIST_FILE = YES;
				INFOPLIST_KEY_UIApplicationSceneManifest_Generation = YES;
				INFOPLIST_KEY_UIApplicationSupportsIndirectInputEvents = YES;
				INFOPLIST_KEY_UILaunchScreen_Generation = YES;
				INFOPLIST_KEY_UISupportedInterfaceOrientations_iPad = "UIInterfaceOrientationPortrait UIInterfaceOrientationPortraitUpsideDown UIInterfaceOrientationLandscapeLeft UIInterfaceOrientationLandscapeRight";
				INFOPLIST_KEY_UISupportedInterfaceOrientations_iPhone = "UIInterfaceOrientationPortrait UIInterfaceOrientationLandscapeLeft UIInterfaceOrientationLandscapeRight";
				LD_RUNPATH_SEARCH_PATHS = (
					"$(inherited)",
					"@executable_path/Frameworks",
				);
				MARKETING_VERSION = 1.0;
				PRODUCT_BUNDLE_IDENTIFIER = "sneakout.m-ios";
				PRODUCT_NAME = "$(TARGET_NAME)";
				SWIFT_EMIT_LOC_STRINGS = YES;
				SWIFT_VERSION = 5.0;
				TARGETED_DEVICE_FAMILY = "1,2";
			};
			name = Release;
		};
		187EB45A2EF5794E00CB879C /* Debug */ = {
			isa = XCBuildConfiguration;
			buildSettings = {
				BUNDLE_LOADER = "$(TEST_HOST)";
				CODE_SIGN_STYLE = Automatic;
				CURRENT_PROJECT_VERSION = 1;
				GENERATE_INFOPLIST_FILE = YES;
				IPHONEOS_DEPLOYMENT_TARGET = 18.5;
				MARKETING_VERSION = 1.0;
				PRODUCT_BUNDLE_IDENTIFIER = "sneakout.m-iosTests";
				PRODUCT_NAME = "$(TARGET_NAME)";
				SWIFT_EMIT_LOC_STRINGS = NO;
				SWIFT_VERSION = 5.0;
				TARGETED_DEVICE_FAMILY = "1,2";
				TEST_HOST = "$(BUILT_PRODUCTS_DIR)/m-ios.app/$(BUNDLE_EXECUTABLE_FOLDER_PATH)/m-ios";
			};
			name = Debug;
		};
		187EB45B2EF5794E00CB879C /* Release */ = {
			isa = XCBuildConfiguration;
			buildSettings = {
				BUNDLE_LOADER = "$(TEST_HOST)";
				CODE_SIGN_STYLE = Automatic;
				CURRENT_PROJECT_VERSION = 1;
				GENERATE_INFOPLIST_FILE = YES;
				IPHONEOS_DEPLOYMENT_TARGET = 18.5;
				MARKETING_VERSION = 1.0;
				PRODUCT_BUNDLE_IDENTIFIER = "sneakout.m-iosTests";
				PRODUCT_NAME = "$(TARGET_NAME)";
				SWIFT_EMIT_LOC_STRINGS = NO;
				SWIFT_VERSION = 5.0;
				TARGETED_DEVICE_FAMILY = "1,2";
				TEST_HOST = "$(BUILT_PRODUCTS_DIR)/m-ios.app/$(BUNDLE_EXECUTABLE_FOLDER_PATH)/m-ios";
			};
			name = Release;
		};
		187EB45D2EF5794E00CB879C /* Debug */ = {
			isa = XCBuildConfiguration;
			buildSettings = {
				CODE_SIGN_STYLE = Automatic;
				CURRENT_PROJECT_VERSION = 1;
				GENERATE_INFOPLIST_FILE = YES;
				MARKETING_VERSION = 1.0;
				PRODUCT_BUNDLE_IDENTIFIER = "sneakout.m-iosUITests";
				PRODUCT_NAME = "$(TARGET_NAME)";
				SWIFT_EMIT_LOC_STRINGS = NO;
				SWIFT_VERSION = 5.0;
				TARGETED_DEVICE_FAMILY = "1,2";
				TEST_TARGET_NAME = "m-ios";
			};
			name = Debug;
		};
		187EB45E2EF5794E00CB879C /* Release */ = {
			isa = XCBuildConfiguration;
			buildSettings = {
				CODE_SIGN_STYLE = Automatic;
				CURRENT_PROJECT_VERSION = 1;
				GENERATE_INFOPLIST_FILE = YES;
				MARKETING_VERSION = 1.0;
				PRODUCT_BUNDLE_IDENTIFIER = "sneakout.m-iosUITests";
				PRODUCT_NAME = "$(TARGET_NAME)";
				SWIFT_EMIT_LOC_STRINGS = NO;
				SWIFT_VERSION = 5.0;
				TARGETED_DEVICE_FAMILY = "1,2";
				TEST_TARGET_NAME = "m-ios";
			};
			name = Release;
		};
/* End XCBuildConfiguration section */

/* Begin XCConfigurationList section */
		187EB4302EF5794800CB879C /* Build configuration list for PBXProject "m-ios" */ = {
			isa = XCConfigurationList;
			buildConfigurations = (
				187EB4542EF5794E00CB879C /* Debug */,
				187EB4552EF5794E00CB879C /* Release */,
			);
			defaultConfigurationIsVisible = 0;
			defaultConfigurationName = Release;
		};
		187EB4562EF5794E00CB879C /* Build configuration list for PBXNativeTarget "m-ios" */ = {
			isa = XCConfigurationList;
			buildConfigurations = (
				187EB4572EF5794E00CB879C /* Debug */,
				187EB4582EF5794E00CB879C /* Release */,
			);
			defaultConfigurationIsVisible = 0;
			defaultConfigurationName = Release;
		};
		187EB4592EF5794E00CB879C /* Build configuration list for PBXNativeTarget "m-iosTests" */ = {
			isa = XCConfigurationList;
			buildConfigurations = (
				187EB45A2EF5794E00CB879C /* Debug */,
				187EB45B2EF5794E00CB879C /* Release */,
			);
			defaultConfigurationIsVisible = 0;
			defaultConfigurationName = Release;
		};
		187EB45C2EF5794E00CB879C /* Build configuration list for PBXNativeTarget "m-iosUITests" */ = {
			isa = XCConfigurationList;
			buildConfigurations = (
				187EB45D2EF5794E00CB879C /* Debug */,
				187EB45E2EF5794E00CB879C /* Release */,
			);
			defaultConfigurationIsVisible = 0;
			defaultConfigurationName = Release;
		};
/* End XCConfigurationList section */

/* Begin XCRemoteSwiftPackageReference section */
		187EB45F2EF5AEA900CB879C /* XCRemoteSwiftPackageReference "supabase-swift" */ = {
			isa = XCRemoteSwiftPackageReference;
			repositoryURL = "https://github.com/supabase/supabase-swift";
			requirement = {
				kind = upToNextMajorVersion;
				minimumVersion = 2.5.1;
			};
		};
/* End XCRemoteSwiftPackageReference section */

/* Begin XCSwiftPackageProductDependency section */
		187EB4642EF5F34900CB879C /* Supabase */ = {
			isa = XCSwiftPackageProductDependency;
			package = 187EB45F2EF5AEA900CB879C /* XCRemoteSwiftPackageReference "supabase-swift" */;
			productName = Supabase;
		};
/* End XCSwiftPackageProductDependency section */
	};
	rootObject = 187EB42D2EF5794800CB879C /* Project object */;
}
